// !$*UTF8*$!
{
	archiveVersion = 1;
	classes = {
	};
	objectVersion = 46;
	objects = {

/* Begin PBXBuildFile section */
		312CB3D01D8010F500C94358 /* main.m in Sources */ = {isa = PBXBuildFile; fileRef = 312CB3CF1D8010F500C94358 /* main.m */; };
		312CB3D31D8010F500C94358 /* AppDelegate.m in Sources */ = {isa = PBXBuildFile; fileRef = 312CB3D21D8010F500C94358 /* AppDelegate.m */; };
		312CB3D61D8010F500C94358 /* ViewController.m in Sources */ = {isa = PBXBuildFile; fileRef = 312CB3D51D8010F500C94358 /* ViewController.m */; };
		312CB3D91D8010F500C94358 /* Main.storyboard in Resources */ = {isa = PBXBuildFile; fileRef = 312CB3D71D8010F500C94358 /* Main.storyboard */; };
		312CB3DB1D8010F500C94358 /* Assets.xcassets in Resources */ = {isa = PBXBuildFile; fileRef = 312CB3DA1D8010F500C94358 /* Assets.xcassets */; };
		312CB3DE1D8010F500C94358 /* LaunchScreen.storyboard in Resources */ = {isa = PBXBuildFile; fileRef = 312CB3DC1D8010F500C94358 /* LaunchScreen.storyboard */; };
/* End PBXBuildFile section */

/* Begin PBXFileReference section */
		312CB3CB1D8010F500C94358 /* RNTest.app */ = {isa = PBXFileReference; explicitFileType = wrapper.application; includeInIndex = 0; path = RNTest.app; sourceTree = BUILT_PRODUCTS_DIR; };
		312CB3CF1D8010F500C94358 /* main.m */ = {isa = PBXFileReference; lastKnownFileType = sourcecode.c.objc; path = main.m; sourceTree = "<group>"; };
		312CB3D11D8010F500C94358 /* AppDelegate.h */ = {isa = PBXFileReference; lastKnownFileType = sourcecode.c.h; path = AppDelegate.h; sourceTree = "<group>"; };
		312CB3D21D8010F500C94358 /* AppDelegate.m */ = {isa = PBXFileReference; lastKnownFileType = sourcecode.c.objc; path = AppDelegate.m; sourceTree = "<group>"; };
		312CB3D41D8010F500C94358 /* ViewController.h */ = {isa = PBXFileReference; lastKnownFileType = sourcecode.c.h; path = ViewController.h; sourceTree = "<group>"; };
		312CB3D51D8010F500C94358 /* ViewController.m */ = {isa = PBXFileReference; lastKnownFileType = sourcecode.c.objc; path = ViewController.m; sourceTree = "<group>"; };
		312CB3D81D8010F500C94358 /* Base */ = {isa = PBXFileReference; lastKnownFileType = file.storyboard; name = Base; path = Base.lproj/Main.storyboard; sourceTree = "<group>"; };
		312CB3DA1D8010F500C94358 /* Assets.xcassets */ = {isa = PBXFileReference; lastKnownFileType = folder.assetcatalog; path = Assets.xcassets; sourceTree = "<group>"; };
		312CB3DD1D8010F500C94358 /* Base */ = {isa = PBXFileReference; lastKnownFileType = file.storyboard; name = Base; path = Base.lproj/LaunchScreen.storyboard; sourceTree = "<group>"; };
		312CB3DF1D8010F500C94358 /* Info.plist */ = {isa = PBXFileReference; lastKnownFileType = text.plist.xml; path = Info.plist; sourceTree = "<group>"; };
/* End PBXFileReference section */

/* Begin PBXFrameworksBuildPhase section */
		312CB3C81D8010F500C94358 /* Frameworks */ = {
			isa = PBXFrameworksBuildPhase;
			buildActionMask = 2147483647;
			files = (
			);
			runOnlyForDeploymentPostprocessing = 0;
		};
/* End PBXFrameworksBuildPhase section */

/* Begin PBXGroup section */
		312CB3C21D8010F500C94358 = {
			isa = PBXGroup;
			children = (
				312CB3CD1D8010F500C94358 /* RNTest */,
				312CB3CC1D8010F500C94358 /* Products */,
			);
			sourceTree = "<group>";
		};
		312CB3CC1D8010F500C94358 /* Products */ = {
			isa = PBXGroup;
			children = (
				312CB3CB1D8010F500C94358 /* RNTest.app */,
			);
			name = Products;
			sourceTree = "<group>";
		};
		312CB3CD1D8010F500C94358 /* RNTest */ = {
			isa = PBXGroup;
			children = (
				312CB3D11D8010F500C94358 /* AppDelegate.h */,
				312CB3D21D8010F500C94358 /* AppDelegate.m */,
				312CB3D41D8010F500C94358 /* ViewController.h */,
				312CB3D51D8010F500C94358 /* ViewController.m */,
				312CB3D71D8010F500C94358 /* Main.storyboard */,
				312CB3DA1D8010F500C94358 /* Assets.xcassets */,
				312CB3DC1D8010F500C94358 /* LaunchScreen.storyboard */,
				312CB3DF1D8010F500C94358 /* Info.plist */,
				312CB3CE1D8010F500C94358 /* Supporting Files */,
			);
			path = RNTest;
			sourceTree = "<group>";
		};
		312CB3CE1D8010F500C94358 /* Supporting Files */ = {
			isa = PBXGroup;
			children = (
				312CB3CF1D8010F500C94358 /* main.m */,
			);
			name = "Supporting Files";
			sourceTree = "<group>";
		};
/* End PBXGroup section */

/* Begin PBXNativeTarget section */
		312CB3CA1D8010F500C94358 /* RNTest */ = {
			isa = PBXNativeTarget;
			buildConfigurationList = 312CB3E21D8010F500C94358 /* Build configuration list for PBXNativeTarget "RNTest" */;
			buildPhases = (
				312CB3C71D8010F500C94358 /* Sources */,
				312CB3C81D8010F500C94358 /* Frameworks */,
				312CB3C91D8010F500C94358 /* Resources */,
			);
			buildRules = (
			);
			dependencies = (
			);
			name = RNTest;
			productName = RNTest;
			productReference = 312CB3CB1D8010F500C94358 /* RNTest.app */;
			productType = "com.apple.product-type.application";
		};
/* End PBXNativeTarget section */

/* Begin PBXProject section */
		312CB3C31D8010F500C94358 /* Project object */ = {
			isa = PBXProject;
			attributes = {
				LastUpgradeCheck = 0730;
				ORGANIZATIONNAME = yixiaoluo;
				TargetAttributes = {
					312CB3CA1D8010F500C94358 = {
						CreatedOnToolsVersion = 7.3.1;
					};
				};
			};
			buildConfigurationList = 312CB3C61D8010F500C94358 /* Build configuration list for PBXProject "RNTest" */;
			compatibilityVersion = "Xcode 3.2";
			developmentRegion = English;
			hasScannedForEncodings = 0;
			knownRegions = (
				en,
				Base,
			);
			mainGroup = 312CB3C21D8010F500C94358;
			productRefGroup = 312CB3CC1D8010F500C94358 /* Products */;
			projectDirPath = "";
			projectRoot = "";
			targets = (
				312CB3CA1D8010F500C94358 /* RNTest */,
			);
		};
/* End PBXProject section */

/* Begin PBXResourcesBuildPhase section */
		312CB3C91D8010F500C94358 /* Resources */ = {
			isa = PBXResourcesBuildPhase;
			buildActionMask = 2147483647;
			files = (
				312CB3DE1D8010F500C94358 /* LaunchScreen.storyboard in Resources */,
				312CB3DB1D8010F500C94358 /* Assets.xcassets in Resources */,
				312CB3D91D8010F500C94358 /* Main.storyboard in Resources */,
			);
			runOnlyForDeploymentPostprocessing = 0;
		};
/* End PBXResourcesBuildPhase section */

/* Begin PBXSourcesBuildPhase section */
		312CB3C71D8010F500C94358 /* Sources */ = {
			isa = PBXSourcesBuildPhase;
			buildActionMask = 2147483647;
			files = (
				312CB3D61D8010F500C94358 /* ViewController.m in Sources */,
				312CB3D31D8010F500C94358 /* AppDelegate.m in Sources */,
				312CB3D01D8010F500C94358 /* main.m in Sources */,
			);
			runOnlyForDeploymentPostprocessing = 0;
		};
/* End PBXSourcesBuildPhase section */

/* Begin PBXVariantGroup section */
		312CB3D71D8010F500C94358 /* Main.storyboard */ = {
			isa = PBXVariantGroup;
			children = (
				312CB3D81D8010F500C94358 /* Base */,
			);
			name = Main.storyboard;
			sourceTree = "<group>";
		};
		312CB3DC1D8010F500C94358 /* LaunchScreen.storyboard */ = {
			isa = PBXVariantGroup;
			children = (
				312CB3DD1D8010F500C94358 /* Base */,
			);
			name = LaunchScreen.storyboard;
			sourceTree = "<group>";
		};
/* End PBXVariantGroup section */

/* Begin XCBuildConfiguration section */
		312CB3E01D8010F500C94358 /* Debug */ = {
			isa = XCBuildConfiguration;
			buildSettings = {
				ALWAYS_SEARCH_USER_PATHS = NO;
				CLANG_ANALYZER_NONNULL = YES;
				CLANG_CXX_LANGUAGE_STANDARD = "gnu++0x";
				CLANG_CXX_LIBRARY = "libc++";
				CLANG_ENABLE_MODULES = YES;
				CLANG_ENABLE_OBJC_ARC = YES;
				CLANG_WARN_BOOL_CONVERSION = YES;
				CLANG_WARN_CONSTANT_CONVERSION = YES;
				CLANG_WARN_DIRECT_OBJC_ISA_USAGE = YES_ERROR;
				CLANG_WARN_EMPTY_BODY = YES;
				CLANG_WARN_ENUM_CONVERSION = YES;
				CLANG_WARN_INT_CONVERSION = YES;
				CLANG_WARN_OBJC_ROOT_CLASS = YES_ERROR;
				CLANG_WARN_UNREACHABLE_CODE = YES;
				CLANG_WARN__DUPLICATE_METHOD_MATCH = YES;
				"CODE_SIGN_IDENTITY[sdk=iphoneos*]" = "iPhone Developer";
				COPY_PHASE_STRIP = NO;
				DEBUG_INFORMATION_FORMAT = dwarf;
				ENABLE_STRICT_OBJC_MSGSEND = YES;
				ENABLE_TESTABILITY = YES;
				GCC_C_LANGUAGE_STANDARD = gnu99;
				GCC_DYNAMIC_NO_PIC = NO;
				GCC_NO_COMMON_BLOCKS = YES;
				GCC_OPTIMIZATION_LEVEL = 0;
				GCC_PREPROCESSOR_DEFINITIONS = (
					"DEBUG=1",
					"$(inherited)",
				);
				GCC_WARN_64_TO_32_BIT_CONVERSION = YES;
				GCC_WARN_ABOUT_RETURN_TYPE = YES_ERROR;
				GCC_WARN_UNDECLARED_SELECTOR = YES;
				GCC_WARN_UNINITIALIZED_AUTOS = YES_AGGRESSIVE;
				GCC_WARN_UNUSED_FUNCTION = YES;
				GCC_WARN_UNUSED_VARIABLE = YES;
				IPHONEOS_DEPLOYMENT_TARGET = 9.3;
				MTL_ENABLE_DEBUG_INFO = YES;
				ONLY_ACTIVE_ARCH = YES;
				SDKROOT = iphoneos;
				TARGETED_DEVICE_FAMILY = "1,2";
			};
			name = Debug;
		};
		312CB3E11D8010F500C94358 /* Release */ = {
			isa = XCBuildConfiguration;
			buildSettings = {
				ALWAYS_SEARCH_USER_PATHS = NO;
				CLANG_ANALYZER_NONNULL = YES;
				CLANG_CXX_LANGUAGE_STANDARD = "gnu++0x";
				CLANG_CXX_LIBRARY = "libc++";
				CLANG_ENABLE_MODULES = YES;
				CLANG_ENABLE_OBJC_ARC = YES;
				CLANG_WARN_BOOL_CONVERSION = YES;
				CLANG_WARN_CONSTANT_CONVERSION = YES;
				CLANG_WARN_DIRECT_OBJC_ISA_USAGE = YES_ERROR;
				CLANG_WARN_EMPTY_BODY = YES;
				CLANG_WARN_ENUM_CONVERSION = YES;
				CLANG_WARN_INT_CONVERSION = YES;
				CLANG_WARN_OBJC_ROOT_CLASS = YES_ERROR;
				CLANG_WARN_UNREACHABLE_CODE = YES;
				CLANG_WARN__DUPLICATE_METHOD_MATCH = YES;
				"CODE_SIGN_IDENTITY[sdk=iphoneos*]" = "iPhone Developer";
				COPY_PHASE_STRIP = NO;
				DEBUG_INFORMATION_FORMAT = "dwarf-with-dsym";
				ENABLE_NS_ASSERTIONS = NO;
				ENABLE_STRICT_OBJC_MSGSEND = YES;
				GCC_C_LANGUAGE_STANDARD = gnu99;
				GCC_NO_COMMON_BLOCKS = YES;
				GCC_WARN_64_TO_32_BIT_CONVERSION = YES;
				GCC_WARN_ABOUT_RETURN_TYPE = YES_ERROR;
				GCC_WARN_UNDECLARED_SELECTOR = YES;
				GCC_WARN_UNINITIALIZED_AUTOS = YES_AGGRESSIVE;
				GCC_WARN_UNUSED_FUNCTION = YES;
				GCC_WARN_UNUSED_VARIABLE = YES;
				IPHONEOS_DEPLOYMENT_TARGET = 9.3;
				MTL_ENABLE_DEBUG_INFO = NO;
				SDKROOT = iphoneos;
				TARGETED_DEVICE_FAMILY = "1,2";
				VALIDATE_PRODUCT = YES;
			};
			name = Release;
		};
		312CB3E31D8010F500C94358 /* Debug */ = {
			isa = XCBuildConfiguration;
			buildSettings = {
				ASSETCATALOG_COMPILER_APPICON_NAME = AppIcon;
				INFOPLIST_FILE = RNTest/Info.plist;
				LD_RUNPATH_SEARCH_PATHS = "$(inherited) @executable_path/Frameworks";
				PRODUCT_BUNDLE_IDENTIFIER = RD.RNTest;
				PRODUCT_NAME = "$(TARGET_NAME)";
			};
			name = Debug;
		};
		312CB3E41D8010F500C94358 /* Release */ = {
			isa = XCBuildConfiguration;
			buildSettings = {
				ASSETCATALOG_COMPILER_APPICON_NAME = AppIcon;
				INFOPLIST_FILE = RNTest/Info.plist;
				LD_RUNPATH_SEARCH_PATHS = "$(inherited) @executable_path/Frameworks";
				PRODUCT_BUNDLE_IDENTIFIER = RD.RNTest;
				PRODUCT_NAME = "$(TARGET_NAME)";
			};
			name = Release;
		};
/* End XCBuildConfiguration section */

/* Begin XCConfigurationList section */
		312CB3C61D8010F500C94358 /* Build configuration list for PBXProject "RNTest" */ = {
			isa = XCConfigurationList;
			buildConfigurations = (
				312CB3E01D8010F500C94358 /* Debug */,
				312CB3E11D8010F500C94358 /* Release */,
			);
			defaultConfigurationIsVisible = 0;
			defaultConfigurationName = Release;
		};
		312CB3E21D8010F500C94358 /* Build configuration list for PBXNativeTarget "RNTest" */ = {
			isa = XCConfigurationList;
			buildConfigurations = (
				312CB3E31D8010F500C94358 /* Debug */,
				312CB3E41D8010F500C94358 /* Release */,
			);
			defaultConfigurationIsVisible = 0;
		};
/* End XCConfigurationList section */
	};
	rootObject = 312CB3C31D8010F500C94358 /* Project object */;
}
