// !$*UTF8*$!
{
	archiveVersion = 1;
	classes = {
	};
	objectVersion = 46;
	objects = {

/* Begin PBXBuildFile section */
		31FA3DB91B8429B000E5C308 /* main.m in Sources */ = {isa = PBXBuildFile; fileRef = 31FA3DB81B8429B000E5C308 /* main.m */; };
		31FA3DBC1B8429B000E5C308 /* AppDelegate.m in Sources */ = {isa = PBXBuildFile; fileRef = 31FA3DBB1B8429B000E5C308 /* AppDelegate.m */; };
		31FA3DBF1B8429B000E5C308 /* ViewController.m in Sources */ = {isa = PBXBuildFile; fileRef = 31FA3DBE1B8429B000E5C308 /* ViewController.m */; };
		31FA3DC21B8429B000E5C308 /* Main.storyboard in Resources */ = {isa = PBXBuildFile; fileRef = 31FA3DC01B8429B000E5C308 /* Main.storyboard */; };
		31FA3DC41B8429B000E5C308 /* Images.xcassets in Resources */ = {isa = PBXBuildFile; fileRef = 31FA3DC31B8429B000E5C308 /* Images.xcassets */; };
		31FA3DC71B8429B000E5C308 /* LaunchScreen.xib in Resources */ = {isa = PBXBuildFile; fileRef = 31FA3DC51B8429B000E5C308 /* LaunchScreen.xib */; };
		31FA3DD31B8429B000E5C308 /* TestTests.m in Sources */ = {isa = PBXBuildFile; fileRef = 31FA3DD21B8429B000E5C308 /* TestTests.m */; };
		31FA3DE41B84654B00E5C308 /* GBSearchResultViewController.m in Sources */ = {isa = PBXBuildFile; fileRef = 31FA3DE31B84654B00E5C308 /* GBSearchResultViewController.m */; };
/* End PBXBuildFile section */

/* Begin PBXContainerItemProxy section */
		31FA3DCD1B8429B000E5C308 /* PBXContainerItemProxy */ = {
			isa = PBXContainerItemProxy;
			containerPortal = 31FA3DAB1B8429B000E5C308 /* Project object */;
			proxyType = 1;
			remoteGlobalIDString = 31FA3DB21B8429B000E5C308;
			remoteInfo = Test;
		};
/* End PBXContainerItemProxy section */

/* Begin PBXFileReference section */
		31FA3DB31B8429B000E5C308 /* Test.app */ = {isa = PBXFileReference; explicitFileType = wrapper.application; includeInIndex = 0; path = Test.app; sourceTree = BUILT_PRODUCTS_DIR; };
		31FA3DB71B8429B000E5C308 /* Info.plist */ = {isa = PBXFileReference; lastKnownFileType = text.plist.xml; path = Info.plist; sourceTree = "<group>"; };
		31FA3DB81B8429B000E5C308 /* main.m */ = {isa = PBXFileReference; lastKnownFileType = sourcecode.c.objc; path = main.m; sourceTree = "<group>"; };
		31FA3DBA1B8429B000E5C308 /* AppDelegate.h */ = {isa = PBXFileReference; lastKnownFileType = sourcecode.c.h; path = AppDelegate.h; sourceTree = "<group>"; };
		31FA3DBB1B8429B000E5C308 /* AppDelegate.m */ = {isa = PBXFileReference; lastKnownFileType = sourcecode.c.objc; path = AppDelegate.m; sourceTree = "<group>"; };
		31FA3DBD1B8429B000E5C308 /* ViewController.h */ = {isa = PBXFileReference; lastKnownFileType = sourcecode.c.h; path = ViewController.h; sourceTree = "<group>"; };
		31FA3DBE1B8429B000E5C308 /* ViewController.m */ = {isa = PBXFileReference; lastKnownFileType = sourcecode.c.objc; path = ViewController.m; sourceTree = "<group>"; };
		31FA3DC11B8429B000E5C308 /* Base */ = {isa = PBXFileReference; lastKnownFileType = file.storyboard; name = Base; path = Base.lproj/Main.storyboard; sourceTree = "<group>"; };
		31FA3DC31B8429B000E5C308 /* Images.xcassets */ = {isa = PBXFileReference; lastKnownFileType = folder.assetcatalog; path = Images.xcassets; sourceTree = "<group>"; };
		31FA3DC61B8429B000E5C308 /* Base */ = {isa = PBXFileReference; lastKnownFileType = file.xib; name = Base; path = Base.lproj/LaunchScreen.xib; sourceTree = "<group>"; };
		31FA3DCC1B8429B000E5C308 /* TestTests.xctest */ = {isa = PBXFileReference; explicitFileType = wrapper.cfbundle; includeInIndex = 0; path = TestTests.xctest; sourceTree = BUILT_PRODUCTS_DIR; };
		31FA3DD11B8429B000E5C308 /* Info.plist */ = {isa = PBXFileReference; lastKnownFileType = text.plist.xml; path = Info.plist; sourceTree = "<group>"; };
		31FA3DD21B8429B000E5C308 /* TestTests.m */ = {isa = PBXFileReference; lastKnownFileType = sourcecode.c.objc; path = TestTests.m; sourceTree = "<group>"; };
		31FA3DE21B84654B00E5C308 /* GBSearchResultViewController.h */ = {isa = PBXFileReference; fileEncoding = 4; lastKnownFileType = sourcecode.c.h; path = GBSearchResultViewController.h; sourceTree = "<group>"; };
		31FA3DE31B84654B00E5C308 /* GBSearchResultViewController.m */ = {isa = PBXFileReference; fileEncoding = 4; lastKnownFileType = sourcecode.c.objc; path = GBSearchResultViewController.m; sourceTree = "<group>"; };
/* End PBXFileReference section */

/* Begin PBXFrameworksBuildPhase section */
		31FA3DB01B8429B000E5C308 /* Frameworks */ = {
			isa = PBXFrameworksBuildPhase;
			buildActionMask = 2147483647;
			files = (
			);
			runOnlyForDeploymentPostprocessing = 0;
		};
		31FA3DC91B8429B000E5C308 /* Frameworks */ = {
			isa = PBXFrameworksBuildPhase;
			buildActionMask = 2147483647;
			files = (
			);
			runOnlyForDeploymentPostprocessing = 0;
		};
/* End PBXFrameworksBuildPhase section */

/* Begin PBXGroup section */
		31FA3DAA1B8429B000E5C308 = {
			isa = PBXGroup;
			children = (
				31FA3DB51B8429B000E5C308 /* Test */,
				31FA3DCF1B8429B000E5C308 /* TestTests */,
				31FA3DB41B8429B000E5C308 /* Products */,
			);
			sourceTree = "<group>";
		};
		31FA3DB41B8429B000E5C308 /* Products */ = {
			isa = PBXGroup;
			children = (
				31FA3DB31B8429B000E5C308 /* Test.app */,
				31FA3DCC1B8429B000E5C308 /* TestTests.xctest */,
			);
			name = Products;
			sourceTree = "<group>";
		};
		31FA3DB51B8429B000E5C308 /* Test */ = {
			isa = PBXGroup;
			children = (
				31FA3DBA1B8429B000E5C308 /* AppDelegate.h */,
				31FA3DBB1B8429B000E5C308 /* AppDelegate.m */,
				31FA3DBD1B8429B000E5C308 /* ViewController.h */,
				31FA3DBE1B8429B000E5C308 /* ViewController.m */,
				31FA3DE21B84654B00E5C308 /* GBSearchResultViewController.h */,
				31FA3DE31B84654B00E5C308 /* GBSearchResultViewController.m */,
				31FA3DC01B8429B000E5C308 /* Main.storyboard */,
				31FA3DC31B8429B000E5C308 /* Images.xcassets */,
				31FA3DC51B8429B000E5C308 /* LaunchScreen.xib */,
				31FA3DB61B8429B000E5C308 /* Supporting Files */,
			);
			path = Test;
			sourceTree = "<group>";
		};
		31FA3DB61B8429B000E5C308 /* Supporting Files */ = {
			isa = PBXGroup;
			children = (
				31FA3DB71B8429B000E5C308 /* Info.plist */,
				31FA3DB81B8429B000E5C308 /* main.m */,
			);
			name = "Supporting Files";
			sourceTree = "<group>";
		};
		31FA3DCF1B8429B000E5C308 /* TestTests */ = {
			isa = PBXGroup;
			children = (
				31FA3DD21B8429B000E5C308 /* TestTests.m */,
				31FA3DD01B8429B000E5C308 /* Supporting Files */,
			);
			path = TestTests;
			sourceTree = "<group>";
		};
		31FA3DD01B8429B000E5C308 /* Supporting Files */ = {
			isa = PBXGroup;
			children = (
				31FA3DD11B8429B000E5C308 /* Info.plist */,
			);
			name = "Supporting Files";
			sourceTree = "<group>";
		};
/* End PBXGroup section */

/* Begin PBXNativeTarget section */
		31FA3DB21B8429B000E5C308 /* Test */ = {
			isa = PBXNativeTarget;
			buildConfigurationList = 31FA3DD61B8429B000E5C308 /* Build configuration list for PBXNativeTarget "Test" */;
			buildPhases = (
				31FA3DAF1B8429B000E5C308 /* Sources */,
				31FA3DB01B8429B000E5C308 /* Frameworks */,
				31FA3DB11B8429B000E5C308 /* Resources */,
			);
			buildRules = (
			);
			dependencies = (
			);
			name = Test;
			productName = Test;
			productReference = 31FA3DB31B8429B000E5C308 /* Test.app */;
			productType = "com.apple.product-type.application";
		};
		31FA3DCB1B8429B000E5C308 /* TestTests */ = {
			isa = PBXNativeTarget;
			buildConfigurationList = 31FA3DD91B8429B000E5C308 /* Build configuration list for PBXNativeTarget "TestTests" */;
			buildPhases = (
				31FA3DC81B8429B000E5C308 /* Sources */,
				31FA3DC91B8429B000E5C308 /* Frameworks */,
				31FA3DCA1B8429B000E5C308 /* Resources */,
			);
			buildRules = (
			);
			dependencies = (
				31FA3DCE1B8429B000E5C308 /* PBXTargetDependency */,
			);
			name = TestTests;
			productName = TestTests;
			productReference = 31FA3DCC1B8429B000E5C308 /* TestTests.xctest */;
			productType = "com.apple.product-type.bundle.unit-test";
		};
/* End PBXNativeTarget section */

/* Begin PBXProject section */
		31FA3DAB1B8429B000E5C308 /* Project object */ = {
			isa = PBXProject;
			attributes = {
				LastUpgradeCheck = 0640;
				ORGANIZATIONNAME = yixiaoluo;
				TargetAttributes = {
					31FA3DB21B8429B000E5C308 = {
						CreatedOnToolsVersion = 6.4;
						DevelopmentTeam = U9GPEY2446;
					};
					31FA3DCB1B8429B000E5C308 = {
						CreatedOnToolsVersion = 6.4;
						TestTargetID = 31FA3DB21B8429B000E5C308;
					};
				};
			};
			buildConfigurationList = 31FA3DAE1B8429B000E5C308 /* Build configuration list for PBXProject "Test" */;
			compatibilityVersion = "Xcode 3.2";
			developmentRegion = English;
			hasScannedForEncodings = 0;
			knownRegions = (
				en,
				Base,
			);
			mainGroup = 31FA3DAA1B8429B000E5C308;
			productRefGroup = 31FA3DB41B8429B000E5C308 /* Products */;
			projectDirPath = "";
			projectRoot = "";
			targets = (
				31FA3DB21B8429B000E5C308 /* Test */,
				31FA3DCB1B8429B000E5C308 /* TestTests */,
			);
		};
/* End PBXProject section */

/* Begin PBXResourcesBuildPhase section */
		31FA3DB11B8429B000E5C308 /* Resources */ = {
			isa = PBXResourcesBuildPhase;
			buildActionMask = 2147483647;
			files = (
				31FA3DC21B8429B000E5C308 /* Main.storyboard in Resources */,
				31FA3DC71B8429B000E5C308 /* LaunchScreen.xib in Resources */,
				31FA3DC41B8429B000E5C308 /* Images.xcassets in Resources */,
			);
			runOnlyForDeploymentPostprocessing = 0;
		};
		31FA3DCA1B8429B000E5C308 /* Resources */ = {
			isa = PBXResourcesBuildPhase;
			buildActionMask = 2147483647;
			files = (
			);
			runOnlyForDeploymentPostprocessing = 0;
		};
/* End PBXResourcesBuildPhase section */

/* Begin PBXSourcesBuildPhase section */
		31FA3DAF1B8429B000E5C308 /* Sources */ = {
			isa = PBXSourcesBuildPhase;
			buildActionMask = 2147483647;
			files = (
				31FA3DBF1B8429B000E5C308 /* ViewController.m in Sources */,
				31FA3DBC1B8429B000E5C308 /* AppDelegate.m in Sources */,
				31FA3DE41B84654B00E5C308 /* GBSearchResultViewController.m in Sources */,
				31FA3DB91B8429B000E5C308 /* main.m in Sources */,
			);
			runOnlyForDeploymentPostprocessing = 0;
		};
		31FA3DC81B8429B000E5C308 /* Sources */ = {
			isa = PBXSourcesBuildPhase;
			buildActionMask = 2147483647;
			files = (
				31FA3DD31B8429B000E5C308 /* TestTests.m in Sources */,
			);
			runOnlyForDeploymentPostprocessing = 0;
		};
/* End PBXSourcesBuildPhase section */

/* Begin PBXTargetDependency section */
		31FA3DCE1B8429B000E5C308 /* PBXTargetDependency */ = {
			isa = PBXTargetDependency;
			target = 31FA3DB21B8429B000E5C308 /* Test */;
			targetProxy = 31FA3DCD1B8429B000E5C308 /* PBXContainerItemProxy */;
		};
/* End PBXTargetDependency section */

/* Begin PBXVariantGroup section */
		31FA3DC01B8429B000E5C308 /* Main.storyboard */ = {
			isa = PBXVariantGroup;
			children = (
				31FA3DC11B8429B000E5C308 /* Base */,
			);
			name = Main.storyboard;
			sourceTree = "<group>";
		};
		31FA3DC51B8429B000E5C308 /* LaunchScreen.xib */ = {
			isa = PBXVariantGroup;
			children = (
				31FA3DC61B8429B000E5C308 /* Base */,
			);
			name = LaunchScreen.xib;
			sourceTree = "<group>";
		};
/* End PBXVariantGroup section */

/* Begin XCBuildConfiguration section */
		31FA3DD41B8429B000E5C308 /* Debug */ = {
			isa = XCBuildConfiguration;
			buildSettings = {
				ALWAYS_SEARCH_USER_PATHS = NO;
				CLANG_CXX_LANGUAGE_STANDARD = "gnu++0x";
				CLANG_CXX_LIBRARY = "libc++";
				CLANG_ENABLE_MODULES = YES;
				CLANG_ENABLE_OBJC_ARC = YES;
				CLANG_WARN_BOOL_CONVERSION = YES;
				CLANG_WARN_CONSTANT_CONVERSION = YES;
				CLANG_WARN_DIRECT_OBJC_ISA_USAGE = YES_ERROR;
				CLANG_WARN_EMPTY_BODY = YES;
				CLANG_WARN_ENUM_CONVERSION = YES;
				CLANG_WARN_INT_CONVERSION = YES;
				CLANG_WARN_OBJC_ROOT_CLASS = YES_ERROR;
				CLANG_WARN_UNREACHABLE_CODE = YES;
				CLANG_WARN__DUPLICATE_METHOD_MATCH = YES;
				"CODE_SIGN_IDENTITY[sdk=iphoneos*]" = "iPhone Developer";
				COPY_PHASE_STRIP = NO;
				DEBUG_INFORMATION_FORMAT = "dwarf-with-dsym";
				ENABLE_STRICT_OBJC_MSGSEND = YES;
				GCC_C_LANGUAGE_STANDARD = gnu99;
				GCC_DYNAMIC_NO_PIC = NO;
				GCC_NO_COMMON_BLOCKS = YES;
				GCC_OPTIMIZATION_LEVEL = 0;
				GCC_PREPROCESSOR_DEFINITIONS = (
					"DEBUG=1",
					"$(inherited)",
				);
				GCC_SYMBOLS_PRIVATE_EXTERN = NO;
				GCC_WARN_64_TO_32_BIT_CONVERSION = YES;
				GCC_WARN_ABOUT_RETURN_TYPE = YES_ERROR;
				GCC_WARN_UNDECLARED_SELECTOR = YES;
				GCC_WARN_UNINITIALIZED_AUTOS = YES_AGGRESSIVE;
				GCC_WARN_UNUSED_FUNCTION = YES;
				GCC_WARN_UNUSED_VARIABLE = YES;
				IPHONEOS_DEPLOYMENT_TARGET = 8.4;
				MTL_ENABLE_DEBUG_INFO = YES;
				ONLY_ACTIVE_ARCH = YES;
				SDKROOT = iphoneos;
				TARGETED_DEVICE_FAMILY = "1,2";
			};
			name = Debug;
		};
		31FA3DD51B8429B000E5C308 /* Release */ = {
			isa = XCBuildConfiguration;
			buildSettings = {
				ALWAYS_SEARCH_USER_PATHS = NO;
				CLANG_CXX_LANGUAGE_STANDARD = "gnu++0x";
				CLANG_CXX_LIBRARY = "libc++";
				CLANG_ENABLE_MODULES = YES;
				CLANG_ENABLE_OBJC_ARC = YES;
				CLANG_WARN_BOOL_CONVERSION = YES;
				CLANG_WARN_CONSTANT_CONVERSION = YES;
				CLANG_WARN_DIRECT_OBJC_ISA_USAGE = YES_ERROR;
				CLANG_WARN_EMPTY_BODY = YES;
				CLANG_WARN_ENUM_CONVERSION = YES;
				CLANG_WARN_INT_CONVERSION = YES;
				CLANG_WARN_OBJC_ROOT_CLASS = YES_ERROR;
				CLANG_WARN_UNREACHABLE_CODE = YES;
				CLANG_WARN__DUPLICATE_METHOD_MATCH = YES;
				"CODE_SIGN_IDENTITY[sdk=iphoneos*]" = "iPhone Developer";
				COPY_PHASE_STRIP = NO;
				DEBUG_INFORMATION_FORMAT = "dwarf-with-dsym";
				ENABLE_NS_ASSERTIONS = NO;
				ENABLE_STRICT_OBJC_MSGSEND = YES;
				GCC_C_LANGUAGE_STANDARD = gnu99;
				GCC_NO_COMMON_BLOCKS = YES;
				GCC_WARN_64_TO_32_BIT_CONVERSION = YES;
				GCC_WARN_ABOUT_RETURN_TYPE = YES_ERROR;
				GCC_WARN_UNDECLARED_SELECTOR = YES;
				GCC_WARN_UNINITIALIZED_AUTOS = YES_AGGRESSIVE;
				GCC_WARN_UNUSED_FUNCTION = YES;
				GCC_WARN_UNUSED_VARIABLE = YES;
				IPHONEOS_DEPLOYMENT_TARGET = 8.4;
				MTL_ENABLE_DEBUG_INFO = NO;
				SDKROOT = iphoneos;
				TARGETED_DEVICE_FAMILY = "1,2";
				VALIDATE_PRODUCT = YES;
			};
			name = Release;
		};
		31FA3DD71B8429B000E5C308 /* Debug */ = {
			isa = XCBuildConfiguration;
			buildSettings = {
				ASSETCATALOG_COMPILER_APPICON_NAME = AppIcon;
				CODE_SIGN_IDENTITY = "iPhone Developer";
				"CODE_SIGN_IDENTITY[sdk=iphoneos*]" = "iPhone Developer";
				INFOPLIST_FILE = Test/Info.plist;
				LD_RUNPATH_SEARCH_PATHS = "$(inherited) @executable_path/Frameworks";
				PRODUCT_BUNDLE_IDENTIFIER = GB.hi.com;
				PRODUCT_NAME = "$(TARGET_NAME)";
				PROVISIONING_PROFILE = "";
			};
			name = Debug;
		};
		31FA3DD81B8429B000E5C308 /* Release */ = {
			isa = XCBuildConfiguration;
			buildSettings = {
				ASSETCATALOG_COMPILER_APPICON_NAME = AppIcon;
				CODE_SIGN_IDENTITY = "iPhone Developer";
				"CODE_SIGN_IDENTITY[sdk=iphoneos*]" = "iPhone Developer";
				INFOPLIST_FILE = Test/Info.plist;
				LD_RUNPATH_SEARCH_PATHS = "$(inherited) @executable_path/Frameworks";
				PRODUCT_BUNDLE_IDENTIFIER = GB.hi.com;
				PRODUCT_NAME = "$(TARGET_NAME)";
				PROVISIONING_PROFILE = "";
			};
			name = Release;
		};
		31FA3DDA1B8429B000E5C308 /* Debug */ = {
			isa = XCBuildConfiguration;
			buildSettings = {
				BUNDLE_LOADER = "$(TEST_HOST)";
				FRAMEWORK_SEARCH_PATHS = (
					"$(SDKROOT)/Developer/Library/Frameworks",
					"$(inherited)",
				);
				GCC_PREPROCESSOR_DEFINITIONS = (
					"DEBUG=1",
					"$(inherited)",
				);
				INFOPLIST_FILE = TestTests/Info.plist;
				LD_RUNPATH_SEARCH_PATHS = "$(inherited) @executable_path/Frameworks @loader_path/Frameworks";
				PRODUCT_NAME = "$(TARGET_NAME)";
				TEST_HOST = "$(BUILT_PRODUCTS_DIR)/Test.app/Test";
			};
			name = Debug;
		};
		31FA3DDB1B8429B000E5C308 /* Release */ = {
			isa = XCBuildConfiguration;
			buildSettings = {
				BUNDLE_LOADER = "$(TEST_HOST)";
				FRAMEWORK_SEARCH_PATHS = (
					"$(SDKROOT)/Developer/Library/Frameworks",
					"$(inherited)",
				);
				INFOPLIST_FILE = TestTests/Info.plist;
				LD_RUNPATH_SEARCH_PATHS = "$(inherited) @executable_path/Frameworks @loader_path/Frameworks";
				PRODUCT_NAME = "$(TARGET_NAME)";
				TEST_HOST = "$(BUILT_PRODUCTS_DIR)/Test.app/Test";
			};
			name = Release;
		};
/* End XCBuildConfiguration section */

/* Begin XCConfigurationList section */
		31FA3DAE1B8429B000E5C308 /* Build configuration list for PBXProject "Test" */ = {
			isa = XCConfigurationList;
			buildConfigurations = (
				31FA3DD41B8429B000E5C308 /* Debug */,
				31FA3DD51B8429B000E5C308 /* Release */,
			);
			defaultConfigurationIsVisible = 0;
			defaultConfigurationName = Release;
		};
		31FA3DD61B8429B000E5C308 /* Build configuration list for PBXNativeTarget "Test" */ = {
			isa = XCConfigurationList;
			buildConfigurations = (
				31FA3DD71B8429B000E5C308 /* Debug */,
				31FA3DD81B8429B000E5C308 /* Release */,
			);
			defaultConfigurationIsVisible = 0;
			defaultConfigurationName = Release;
		};
		31FA3DD91B8429B000E5C308 /* Build configuration list for PBXNativeTarget "TestTests" */ = {
			isa = XCConfigurationList;
			buildConfigurations = (
				31FA3DDA1B8429B000E5C308 /* Debug */,
				31FA3DDB1B8429B000E5C308 /* Release */,
			);
			defaultConfigurationIsVisible = 0;
			defaultConfigurationName = Release;
		};
/* End XCConfigurationList section */
	};
	rootObject = 31FA3DAB1B8429B000E5C308 /* Project object */;
}
