// !$*UTF8*$!
{
	archiveVersion = 1;
	classes = {
	};
	objectVersion = 46;
	objects = {

/* Begin PBXBuildFile section */
		31E367D21C1558B600F2758C /* main.m in Sources */ = {isa = PBXBuildFile; fileRef = 31E367D11C1558B600F2758C /* main.m */; };
		31E367D51C1558B600F2758C /* AppDelegate.m in Sources */ = {isa = PBXBuildFile; fileRef = 31E367D41C1558B600F2758C /* AppDelegate.m */; };
		31E367D81C1558B600F2758C /* ViewController.m in Sources */ = {isa = PBXBuildFile; fileRef = 31E367D71C1558B600F2758C /* ViewController.m */; };
		31E367DB1C1558B600F2758C /* Main.storyboard in Resources */ = {isa = PBXBuildFile; fileRef = 31E367D91C1558B600F2758C /* Main.storyboard */; };
		31E367DD1C1558B600F2758C /* Assets.xcassets in Resources */ = {isa = PBXBuildFile; fileRef = 31E367DC1C1558B600F2758C /* Assets.xcassets */; };
		31E367E01C1558B600F2758C /* LaunchScreen.storyboard in Resources */ = {isa = PBXBuildFile; fileRef = 31E367DE1C1558B600F2758C /* LaunchScreen.storyboard */; };
		31E368321C15772500F2758C /* Default-568h@2x.png in Resources */ = {isa = PBXBuildFile; fileRef = 31E368311C15772500F2758C /* Default-568h@2x.png */; };
		31E3683F1C15809700F2758C /* GBKit.framework in Frameworks */ = {isa = PBXBuildFile; fileRef = 31E3683E1C15809700F2758C /* GBKit.framework */; };
		31E368411C1580A200F2758C /* GBKit.framework in Embed Frameworks */ = {isa = PBXBuildFile; fileRef = 31E3683E1C15809700F2758C /* GBKit.framework */; settings = {ATTRIBUTES = (CodeSignOnCopy, RemoveHeadersOnCopy, ); }; };
/* End PBXBuildFile section */

/* Begin PBXCopyFilesBuildPhase section */
		31E3683C1C157FCD00F2758C /* Embed Frameworks */ = {
			isa = PBXCopyFilesBuildPhase;
			buildActionMask = 2147483647;
			dstPath = "";
			dstSubfolderSpec = 10;
			files = (
				31E368411C1580A200F2758C /* GBKit.framework in Embed Frameworks */,
			);
			name = "Embed Frameworks";
			runOnlyForDeploymentPostprocessing = 0;
		};
/* End PBXCopyFilesBuildPhase section */

/* Begin PBXFileReference section */
		31E367CD1C1558B600F2758C /* GBKitDemo.app */ = {isa = PBXFileReference; explicitFileType = wrapper.application; includeInIndex = 0; path = GBKitDemo.app; sourceTree = BUILT_PRODUCTS_DIR; };
		31E367D11C1558B600F2758C /* main.m */ = {isa = PBXFileReference; lastKnownFileType = sourcecode.c.objc; path = main.m; sourceTree = "<group>"; };
		31E367D31C1558B600F2758C /* AppDelegate.h */ = {isa = PBXFileReference; lastKnownFileType = sourcecode.c.h; path = AppDelegate.h; sourceTree = "<group>"; };
		31E367D41C1558B600F2758C /* AppDelegate.m */ = {isa = PBXFileReference; lastKnownFileType = sourcecode.c.objc; path = AppDelegate.m; sourceTree = "<group>"; };
		31E367D61C1558B600F2758C /* ViewController.h */ = {isa = PBXFileReference; lastKnownFileType = sourcecode.c.h; path = ViewController.h; sourceTree = "<group>"; };
		31E367D71C1558B600F2758C /* ViewController.m */ = {isa = PBXFileReference; lastKnownFileType = sourcecode.c.objc; path = ViewController.m; sourceTree = "<group>"; };
		31E367DA1C1558B600F2758C /* Base */ = {isa = PBXFileReference; lastKnownFileType = file.storyboard; name = Base; path = Base.lproj/Main.storyboard; sourceTree = "<group>"; };
		31E367DC1C1558B600F2758C /* Assets.xcassets */ = {isa = PBXFileReference; lastKnownFileType = folder.assetcatalog; path = Assets.xcassets; sourceTree = "<group>"; };
		31E367DF1C1558B600F2758C /* Base */ = {isa = PBXFileReference; lastKnownFileType = file.storyboard; name = Base; path = Base.lproj/LaunchScreen.storyboard; sourceTree = "<group>"; };
		31E367E11C1558B600F2758C /* Info.plist */ = {isa = PBXFileReference; lastKnownFileType = text.plist.xml; path = Info.plist; sourceTree = "<group>"; };
		31E368311C15772500F2758C /* Default-568h@2x.png */ = {isa = PBXFileReference; lastKnownFileType = image.png; path = "Default-568h@2x.png"; sourceTree = "<group>"; };
		31E3683E1C15809700F2758C /* GBKit.framework */ = {isa = PBXFileReference; lastKnownFileType = wrapper.framework; path = GBKit.framework; sourceTree = "<group>"; };
/* End PBXFileReference section */

/* Begin PBXFrameworksBuildPhase section */
		31E367CA1C1558B600F2758C /* Frameworks */ = {
			isa = PBXFrameworksBuildPhase;
			buildActionMask = 2147483647;
			files = (
				31E3683F1C15809700F2758C /* GBKit.framework in Frameworks */,
			);
			runOnlyForDeploymentPostprocessing = 0;
		};
/* End PBXFrameworksBuildPhase section */

/* Begin PBXGroup section */
		31E367C41C1558B600F2758C = {
			isa = PBXGroup;
			children = (
				31E368311C15772500F2758C /* Default-568h@2x.png */,
				31E367CF1C1558B600F2758C /* GBKitDemo */,
				31E367CE1C1558B600F2758C /* Products */,
			);
			sourceTree = "<group>";
		};
		31E367CE1C1558B600F2758C /* Products */ = {
			isa = PBXGroup;
			children = (
				31E367CD1C1558B600F2758C /* GBKitDemo.app */,
			);
			name = Products;
			sourceTree = "<group>";
		};
		31E367CF1C1558B600F2758C /* GBKitDemo */ = {
			isa = PBXGroup;
			children = (
				31E367D31C1558B600F2758C /* AppDelegate.h */,
				31E367D41C1558B600F2758C /* AppDelegate.m */,
				31E367D61C1558B600F2758C /* ViewController.h */,
				31E367D71C1558B600F2758C /* ViewController.m */,
				31E367D91C1558B600F2758C /* Main.storyboard */,
				31E367DC1C1558B600F2758C /* Assets.xcassets */,
				31E367DE1C1558B600F2758C /* LaunchScreen.storyboard */,
				31E367E11C1558B600F2758C /* Info.plist */,
				31E3683D1C15809700F2758C /* Lib */,
				31E367D01C1558B600F2758C /* Supporting Files */,
			);
			path = GBKitDemo;
			sourceTree = "<group>";
		};
		31E367D01C1558B600F2758C /* Supporting Files */ = {
			isa = PBXGroup;
			children = (
				31E367D11C1558B600F2758C /* main.m */,
			);
			name = "Supporting Files";
			sourceTree = "<group>";
		};
		31E3683D1C15809700F2758C /* Lib */ = {
			isa = PBXGroup;
			children = (
				31E3683E1C15809700F2758C /* GBKit.framework */,
			);
			path = Lib;
			sourceTree = "<group>";
		};
/* End PBXGroup section */

/* Begin PBXNativeTarget section */
		31E367CC1C1558B600F2758C /* GBKitDemo */ = {
			isa = PBXNativeTarget;
			buildConfigurationList = 31E367E41C1558B600F2758C /* Build configuration list for PBXNativeTarget "GBKitDemo" */;
			buildPhases = (
				31E367C91C1558B600F2758C /* Sources */,
				31E367CA1C1558B600F2758C /* Frameworks */,
				31E367CB1C1558B600F2758C /* Resources */,
				31E3683C1C157FCD00F2758C /* Embed Frameworks */,
			);
			buildRules = (
			);
			dependencies = (
			);
			name = GBKitDemo;
			productName = GBKitDemo;
			productReference = 31E367CD1C1558B600F2758C /* GBKitDemo.app */;
			productType = "com.apple.product-type.application";
		};
/* End PBXNativeTarget section */

/* Begin PBXProject section */
		31E367C51C1558B600F2758C /* Project object */ = {
			isa = PBXProject;
			attributes = {
				LastUpgradeCheck = 0710;
				ORGANIZATIONNAME = yixiaoluo;
				TargetAttributes = {
					31E367CC1C1558B600F2758C = {
						CreatedOnToolsVersion = 7.1;
						DevelopmentTeam = U9GPEY2446;
					};
				};
			};
			buildConfigurationList = 31E367C81C1558B600F2758C /* Build configuration list for PBXProject "GBKitDemo" */;
			compatibilityVersion = "Xcode 3.2";
			developmentRegion = English;
			hasScannedForEncodings = 0;
			knownRegions = (
				en,
				Base,
			);
			mainGroup = 31E367C41C1558B600F2758C;
			productRefGroup = 31E367CE1C1558B600F2758C /* Products */;
			projectDirPath = "";
			projectRoot = "";
			targets = (
				31E367CC1C1558B600F2758C /* GBKitDemo */,
			);
		};
/* End PBXProject section */

/* Begin PBXResourcesBuildPhase section */
		31E367CB1C1558B600F2758C /* Resources */ = {
			isa = PBXResourcesBuildPhase;
			buildActionMask = 2147483647;
			files = (
				31E367E01C1558B600F2758C /* LaunchScreen.storyboard in Resources */,
				31E368321C15772500F2758C /* Default-568h@2x.png in Resources */,
				31E367DD1C1558B600F2758C /* Assets.xcassets in Resources */,
				31E367DB1C1558B600F2758C /* Main.storyboard in Resources */,
			);
			runOnlyForDeploymentPostprocessing = 0;
		};
/* End PBXResourcesBuildPhase section */

/* Begin PBXSourcesBuildPhase section */
		31E367C91C1558B600F2758C /* Sources */ = {
			isa = PBXSourcesBuildPhase;
			buildActionMask = 2147483647;
			files = (
				31E367D81C1558B600F2758C /* ViewController.m in Sources */,
				31E367D51C1558B600F2758C /* AppDelegate.m in Sources */,
				31E367D21C1558B600F2758C /* main.m in Sources */,
			);
			runOnlyForDeploymentPostprocessing = 0;
		};
/* End PBXSourcesBuildPhase section */

/* Begin PBXVariantGroup section */
		31E367D91C1558B600F2758C /* Main.storyboard */ = {
			isa = PBXVariantGroup;
			children = (
				31E367DA1C1558B600F2758C /* Base */,
			);
			name = Main.storyboard;
			sourceTree = "<group>";
		};
		31E367DE1C1558B600F2758C /* LaunchScreen.storyboard */ = {
			isa = PBXVariantGroup;
			children = (
				31E367DF1C1558B600F2758C /* Base */,
			);
			name = LaunchScreen.storyboard;
			sourceTree = "<group>";
		};
/* End PBXVariantGroup section */

/* Begin XCBuildConfiguration section */
		31E367E21C1558B600F2758C /* Debug */ = {
			isa = XCBuildConfiguration;
			buildSettings = {
				ALWAYS_SEARCH_USER_PATHS = NO;
				CLANG_CXX_LANGUAGE_STANDARD = "gnu++0x";
				CLANG_CXX_LIBRARY = "libc++";
				CLANG_ENABLE_MODULES = YES;
				CLANG_ENABLE_OBJC_ARC = YES;
				CLANG_WARN_BOOL_CONVERSION = YES;
				CLANG_WARN_CONSTANT_CONVERSION = YES;
				CLANG_WARN_DIRECT_OBJC_ISA_USAGE = YES_ERROR;
				CLANG_WARN_EMPTY_BODY = YES;
				CLANG_WARN_ENUM_CONVERSION = YES;
				CLANG_WARN_INT_CONVERSION = YES;
				CLANG_WARN_OBJC_ROOT_CLASS = YES_ERROR;
				CLANG_WARN_UNREACHABLE_CODE = YES;
				CLANG_WARN__DUPLICATE_METHOD_MATCH = YES;
				"CODE_SIGN_IDENTITY[sdk=iphoneos*]" = "iPhone Developer";
				COPY_PHASE_STRIP = NO;
				DEBUG_INFORMATION_FORMAT = dwarf;
				ENABLE_STRICT_OBJC_MSGSEND = YES;
				ENABLE_TESTABILITY = YES;
				GCC_C_LANGUAGE_STANDARD = gnu99;
				GCC_DYNAMIC_NO_PIC = NO;
				GCC_NO_COMMON_BLOCKS = YES;
				GCC_OPTIMIZATION_LEVEL = 0;
				GCC_PREPROCESSOR_DEFINITIONS = (
					"DEBUG=1",
					"$(inherited)",
				);
				GCC_WARN_64_TO_32_BIT_CONVERSION = YES;
				GCC_WARN_ABOUT_RETURN_TYPE = YES_ERROR;
				GCC_WARN_UNDECLARED_SELECTOR = YES;
				GCC_WARN_UNINITIALIZED_AUTOS = YES_AGGRESSIVE;
				GCC_WARN_UNUSED_FUNCTION = YES;
				GCC_WARN_UNUSED_VARIABLE = YES;
				IPHONEOS_DEPLOYMENT_TARGET = 9.1;
				MTL_ENABLE_DEBUG_INFO = YES;
				ONLY_ACTIVE_ARCH = YES;
				SDKROOT = iphoneos;
				TARGETED_DEVICE_FAMILY = "1,2";
			};
			name = Debug;
		};
		31E367E31C1558B600F2758C /* Release */ = {
			isa = XCBuildConfiguration;
			buildSettings = {
				ALWAYS_SEARCH_USER_PATHS = NO;
				CLANG_CXX_LANGUAGE_STANDARD = "gnu++0x";
				CLANG_CXX_LIBRARY = "libc++";
				CLANG_ENABLE_MODULES = YES;
				CLANG_ENABLE_OBJC_ARC = YES;
				CLANG_WARN_BOOL_CONVERSION = YES;
				CLANG_WARN_CONSTANT_CONVERSION = YES;
				CLANG_WARN_DIRECT_OBJC_ISA_USAGE = YES_ERROR;
				CLANG_WARN_EMPTY_BODY = YES;
				CLANG_WARN_ENUM_CONVERSION = YES;
				CLANG_WARN_INT_CONVERSION = YES;
				CLANG_WARN_OBJC_ROOT_CLASS = YES_ERROR;
				CLANG_WARN_UNREACHABLE_CODE = YES;
				CLANG_WARN__DUPLICATE_METHOD_MATCH = YES;
				"CODE_SIGN_IDENTITY[sdk=iphoneos*]" = "iPhone Developer";
				COPY_PHASE_STRIP = NO;
				DEBUG_INFORMATION_FORMAT = "dwarf-with-dsym";
				ENABLE_NS_ASSERTIONS = NO;
				ENABLE_STRICT_OBJC_MSGSEND = YES;
				GCC_C_LANGUAGE_STANDARD = gnu99;
				GCC_NO_COMMON_BLOCKS = YES;
				GCC_WARN_64_TO_32_BIT_CONVERSION = YES;
				GCC_WARN_ABOUT_RETURN_TYPE = YES_ERROR;
				GCC_WARN_UNDECLARED_SELECTOR = YES;
				GCC_WARN_UNINITIALIZED_AUTOS = YES_AGGRESSIVE;
				GCC_WARN_UNUSED_FUNCTION = YES;
				GCC_WARN_UNUSED_VARIABLE = YES;
				IPHONEOS_DEPLOYMENT_TARGET = 9.1;
				MTL_ENABLE_DEBUG_INFO = NO;
				SDKROOT = iphoneos;
				TARGETED_DEVICE_FAMILY = "1,2";
				VALIDATE_PRODUCT = YES;
			};
			name = Release;
		};
		31E367E51C1558B600F2758C /* Debug */ = {
			isa = XCBuildConfiguration;
			buildSettings = {
				ASSETCATALOG_COMPILER_APPICON_NAME = AppIcon;
				CODE_SIGN_IDENTITY = "iPhone Developer";
				"CODE_SIGN_IDENTITY[sdk=iphoneos*]" = "iPhone Developer";
				FRAMEWORK_SEARCH_PATHS = (
					"$(inherited)",
					"$(PROJECT_DIR)/GBKitDemo",
					"$(PROJECT_DIR)/GBKitDemo/Lib",
				);
				INFOPLIST_FILE = GBKitDemo/Info.plist;
				IPHONEOS_DEPLOYMENT_TARGET = 9.1;
				LD_RUNPATH_SEARCH_PATHS = "$(inherited) @executable_path/Frameworks";
				PRODUCT_BUNDLE_IDENTIFIER = GBD.GBKitDemo;
				PRODUCT_NAME = "$(TARGET_NAME)";
				PROVISIONING_PROFILE = "";
			};
			name = Debug;
		};
		31E367E61C1558B600F2758C /* Release */ = {
			isa = XCBuildConfiguration;
			buildSettings = {
				ASSETCATALOG_COMPILER_APPICON_NAME = AppIcon;
				CODE_SIGN_IDENTITY = "iPhone Developer";
				"CODE_SIGN_IDENTITY[sdk=iphoneos*]" = "iPhone Developer";
				FRAMEWORK_SEARCH_PATHS = (
					"$(inherited)",
					"$(PROJECT_DIR)/GBKitDemo",
					"$(PROJECT_DIR)/GBKitDemo/Lib",
				);
				INFOPLIST_FILE = GBKitDemo/Info.plist;
				IPHONEOS_DEPLOYMENT_TARGET = 9.1;
				LD_RUNPATH_SEARCH_PATHS = "$(inherited) @executable_path/Frameworks";
				PRODUCT_BUNDLE_IDENTIFIER = GBD.GBKitDemo;
				PRODUCT_NAME = "$(TARGET_NAME)";
				PROVISIONING_PROFILE = "";
			};
			name = Release;
		};
/* End XCBuildConfiguration section */

/* Begin XCConfigurationList section */
		31E367C81C1558B600F2758C /* Build configuration list for PBXProject "GBKitDemo" */ = {
			isa = XCConfigurationList;
			buildConfigurations = (
				31E367E21C1558B600F2758C /* Debug */,
				31E367E31C1558B600F2758C /* Release */,
			);
			defaultConfigurationIsVisible = 0;
			defaultConfigurationName = Release;
		};
		31E367E41C1558B600F2758C /* Build configuration list for PBXNativeTarget "GBKitDemo" */ = {
			isa = XCConfigurationList;
			buildConfigurations = (
				31E367E51C1558B600F2758C /* Debug */,
				31E367E61C1558B600F2758C /* Release */,
			);
			defaultConfigurationIsVisible = 0;
			defaultConfigurationName = Release;
		};
/* End XCConfigurationList section */
	};
	rootObject = 31E367C51C1558B600F2758C /* Project object */;
}
