// !$*UTF8*$!
{
	archiveVersion = 1;
	classes = {
	};
	objectVersion = 46;
	objects = {

/* Begin PBXBuildFile section */
		31E375FD1BAFA61C007079ED /* main.m in Sources */ = {isa = PBXBuildFile; fileRef = 31E375FC1BAFA61C007079ED /* main.m */; };
		31E376001BAFA61C007079ED /* AppDelegate.m in Sources */ = {isa = PBXBuildFile; fileRef = 31E375FF1BAFA61C007079ED /* AppDelegate.m */; };
		31E376031BAFA61C007079ED /* ViewController.m in Sources */ = {isa = PBXBuildFile; fileRef = 31E376021BAFA61C007079ED /* ViewController.m */; };
		31E376061BAFA61C007079ED /* Main.storyboard in Resources */ = {isa = PBXBuildFile; fileRef = 31E376041BAFA61C007079ED /* Main.storyboard */; };
		31E376081BAFA61C007079ED /* Assets.xcassets in Resources */ = {isa = PBXBuildFile; fileRef = 31E376071BAFA61C007079ED /* Assets.xcassets */; };
		31E3760B1BAFA61C007079ED /* LaunchScreen.storyboard in Resources */ = {isa = PBXBuildFile; fileRef = 31E376091BAFA61C007079ED /* LaunchScreen.storyboard */; };
		31E376161BAFA61C007079ED /* Objccn_DemoTests.m in Sources */ = {isa = PBXBuildFile; fileRef = 31E376151BAFA61C007079ED /* Objccn_DemoTests.m */; };
		31E376211BAFA61C007079ED /* Objccn_DemoUITests.m in Sources */ = {isa = PBXBuildFile; fileRef = 31E376201BAFA61C007079ED /* Objccn_DemoUITests.m */; };
		31E376371BAFDEFB007079ED /* WeChatAvtivity.m in Sources */ = {isa = PBXBuildFile; fileRef = 31E376361BAFDEFB007079ED /* WeChatAvtivity.m */; settings = {ASSET_TAGS = (); }; };
		31E376381BAFDEFB007079ED /* WeChatAvtivity.m in Sources */ = {isa = PBXBuildFile; fileRef = 31E376361BAFDEFB007079ED /* WeChatAvtivity.m */; settings = {ASSET_TAGS = (); }; };
		31E376391BAFDEFB007079ED /* WeChatAvtivity.m in Sources */ = {isa = PBXBuildFile; fileRef = 31E376361BAFDEFB007079ED /* WeChatAvtivity.m */; settings = {ASSET_TAGS = (); }; };
/* End PBXBuildFile section */

/* Begin PBXContainerItemProxy section */
		31E376121BAFA61C007079ED /* PBXContainerItemProxy */ = {
			isa = PBXContainerItemProxy;
			containerPortal = 31E375F01BAFA61C007079ED /* Project object */;
			proxyType = 1;
			remoteGlobalIDString = 31E375F71BAFA61C007079ED;
			remoteInfo = "Objccn Demo";
		};
		31E3761D1BAFA61C007079ED /* PBXContainerItemProxy */ = {
			isa = PBXContainerItemProxy;
			containerPortal = 31E375F01BAFA61C007079ED /* Project object */;
			proxyType = 1;
			remoteGlobalIDString = 31E375F71BAFA61C007079ED;
			remoteInfo = "Objccn Demo";
		};
/* End PBXContainerItemProxy section */

/* Begin PBXFileReference section */
		31E375F81BAFA61C007079ED /* Objccn Demo.app */ = {isa = PBXFileReference; explicitFileType = wrapper.application; includeInIndex = 0; path = "Objccn Demo.app"; sourceTree = BUILT_PRODUCTS_DIR; };
		31E375FC1BAFA61C007079ED /* main.m */ = {isa = PBXFileReference; lastKnownFileType = sourcecode.c.objc; path = main.m; sourceTree = "<group>"; };
		31E375FE1BAFA61C007079ED /* AppDelegate.h */ = {isa = PBXFileReference; lastKnownFileType = sourcecode.c.h; path = AppDelegate.h; sourceTree = "<group>"; };
		31E375FF1BAFA61C007079ED /* AppDelegate.m */ = {isa = PBXFileReference; lastKnownFileType = sourcecode.c.objc; path = AppDelegate.m; sourceTree = "<group>"; };
		31E376011BAFA61C007079ED /* ViewController.h */ = {isa = PBXFileReference; lastKnownFileType = sourcecode.c.h; path = ViewController.h; sourceTree = "<group>"; };
		31E376021BAFA61C007079ED /* ViewController.m */ = {isa = PBXFileReference; lastKnownFileType = sourcecode.c.objc; path = ViewController.m; sourceTree = "<group>"; };
		31E376051BAFA61C007079ED /* Base */ = {isa = PBXFileReference; lastKnownFileType = file.storyboard; name = Base; path = Base.lproj/Main.storyboard; sourceTree = "<group>"; };
		31E376071BAFA61C007079ED /* Assets.xcassets */ = {isa = PBXFileReference; lastKnownFileType = folder.assetcatalog; path = Assets.xcassets; sourceTree = "<group>"; };
		31E3760A1BAFA61C007079ED /* Base */ = {isa = PBXFileReference; lastKnownFileType = file.storyboard; name = Base; path = Base.lproj/LaunchScreen.storyboard; sourceTree = "<group>"; };
		31E3760C1BAFA61C007079ED /* Info.plist */ = {isa = PBXFileReference; lastKnownFileType = text.plist.xml; path = Info.plist; sourceTree = "<group>"; };
		31E376111BAFA61C007079ED /* Objccn DemoTests.xctest */ = {isa = PBXFileReference; explicitFileType = wrapper.cfbundle; includeInIndex = 0; path = "Objccn DemoTests.xctest"; sourceTree = BUILT_PRODUCTS_DIR; };
		31E376151BAFA61C007079ED /* Objccn_DemoTests.m */ = {isa = PBXFileReference; lastKnownFileType = sourcecode.c.objc; path = Objccn_DemoTests.m; sourceTree = "<group>"; };
		31E376171BAFA61C007079ED /* Info.plist */ = {isa = PBXFileReference; lastKnownFileType = text.plist.xml; path = Info.plist; sourceTree = "<group>"; };
		31E3761C1BAFA61C007079ED /* Objccn DemoUITests.xctest */ = {isa = PBXFileReference; explicitFileType = wrapper.cfbundle; includeInIndex = 0; path = "Objccn DemoUITests.xctest"; sourceTree = BUILT_PRODUCTS_DIR; };
		31E376201BAFA61C007079ED /* Objccn_DemoUITests.m */ = {isa = PBXFileReference; lastKnownFileType = sourcecode.c.objc; path = Objccn_DemoUITests.m; sourceTree = "<group>"; };
		31E376221BAFA61C007079ED /* Info.plist */ = {isa = PBXFileReference; lastKnownFileType = text.plist.xml; path = Info.plist; sourceTree = "<group>"; };
		31E376351BAFDEFB007079ED /* WeChatAvtivity.h */ = {isa = PBXFileReference; fileEncoding = 4; lastKnownFileType = sourcecode.c.h; path = WeChatAvtivity.h; sourceTree = "<group>"; };
		31E376361BAFDEFB007079ED /* WeChatAvtivity.m */ = {isa = PBXFileReference; fileEncoding = 4; lastKnownFileType = sourcecode.c.objc; path = WeChatAvtivity.m; sourceTree = "<group>"; };
/* End PBXFileReference section */

/* Begin PBXFrameworksBuildPhase section */
		31E375F51BAFA61C007079ED /* Frameworks */ = {
			isa = PBXFrameworksBuildPhase;
			buildActionMask = 2147483647;
			files = (
			);
			runOnlyForDeploymentPostprocessing = 0;
		};
		31E3760E1BAFA61C007079ED /* Frameworks */ = {
			isa = PBXFrameworksBuildPhase;
			buildActionMask = 2147483647;
			files = (
			);
			runOnlyForDeploymentPostprocessing = 0;
		};
		31E376191BAFA61C007079ED /* Frameworks */ = {
			isa = PBXFrameworksBuildPhase;
			buildActionMask = 2147483647;
			files = (
			);
			runOnlyForDeploymentPostprocessing = 0;
		};
/* End PBXFrameworksBuildPhase section */

/* Begin PBXGroup section */
		31E375EF1BAFA61C007079ED = {
			isa = PBXGroup;
			children = (
				31E375FA1BAFA61C007079ED /* Objccn Demo */,
				31E376141BAFA61C007079ED /* Objccn DemoTests */,
				31E3761F1BAFA61C007079ED /* Objccn DemoUITests */,
				31E375F91BAFA61C007079ED /* Products */,
			);
			sourceTree = "<group>";
		};
		31E375F91BAFA61C007079ED /* Products */ = {
			isa = PBXGroup;
			children = (
				31E375F81BAFA61C007079ED /* Objccn Demo.app */,
				31E376111BAFA61C007079ED /* Objccn DemoTests.xctest */,
				31E3761C1BAFA61C007079ED /* Objccn DemoUITests.xctest */,
			);
			name = Products;
			sourceTree = "<group>";
		};
		31E375FA1BAFA61C007079ED /* Objccn Demo */ = {
			isa = PBXGroup;
			children = (
				31E376341BAFDED2007079ED /* Custom Activity */,
				31E375FE1BAFA61C007079ED /* AppDelegate.h */,
				31E375FF1BAFA61C007079ED /* AppDelegate.m */,
				31E376011BAFA61C007079ED /* ViewController.h */,
				31E376021BAFA61C007079ED /* ViewController.m */,
				31E376041BAFA61C007079ED /* Main.storyboard */,
				31E376071BAFA61C007079ED /* Assets.xcassets */,
				31E376091BAFA61C007079ED /* LaunchScreen.storyboard */,
				31E3760C1BAFA61C007079ED /* Info.plist */,
				31E375FB1BAFA61C007079ED /* Supporting Files */,
			);
			path = "Objccn Demo";
			sourceTree = "<group>";
		};
		31E375FB1BAFA61C007079ED /* Supporting Files */ = {
			isa = PBXGroup;
			children = (
				31E375FC1BAFA61C007079ED /* main.m */,
			);
			name = "Supporting Files";
			sourceTree = "<group>";
		};
		31E376141BAFA61C007079ED /* Objccn DemoTests */ = {
			isa = PBXGroup;
			children = (
				31E376151BAFA61C007079ED /* Objccn_DemoTests.m */,
				31E376171BAFA61C007079ED /* Info.plist */,
			);
			path = "Objccn DemoTests";
			sourceTree = "<group>";
		};
		31E3761F1BAFA61C007079ED /* Objccn DemoUITests */ = {
			isa = PBXGroup;
			children = (
				31E376201BAFA61C007079ED /* Objccn_DemoUITests.m */,
				31E376221BAFA61C007079ED /* Info.plist */,
			);
			path = "Objccn DemoUITests";
			sourceTree = "<group>";
		};
		31E376341BAFDED2007079ED /* Custom Activity */ = {
			isa = PBXGroup;
			children = (
				31E376351BAFDEFB007079ED /* WeChatAvtivity.h */,
				31E376361BAFDEFB007079ED /* WeChatAvtivity.m */,
			);
			path = "Custom Activity";
			sourceTree = "<group>";
		};
/* End PBXGroup section */

/* Begin PBXNativeTarget section */
		31E375F71BAFA61C007079ED /* Objccn Demo */ = {
			isa = PBXNativeTarget;
			buildConfigurationList = 31E376251BAFA61C007079ED /* Build configuration list for PBXNativeTarget "Objccn Demo" */;
			buildPhases = (
				31E375F41BAFA61C007079ED /* Sources */,
				31E375F51BAFA61C007079ED /* Frameworks */,
				31E375F61BAFA61C007079ED /* Resources */,
			);
			buildRules = (
			);
			dependencies = (
			);
			name = "Objccn Demo";
			productName = "Objccn Demo";
			productReference = 31E375F81BAFA61C007079ED /* Objccn Demo.app */;
			productType = "com.apple.product-type.application";
		};
		31E376101BAFA61C007079ED /* Objccn DemoTests */ = {
			isa = PBXNativeTarget;
			buildConfigurationList = 31E376281BAFA61C007079ED /* Build configuration list for PBXNativeTarget "Objccn DemoTests" */;
			buildPhases = (
				31E3760D1BAFA61C007079ED /* Sources */,
				31E3760E1BAFA61C007079ED /* Frameworks */,
				31E3760F1BAFA61C007079ED /* Resources */,
			);
			buildRules = (
			);
			dependencies = (
				31E376131BAFA61C007079ED /* PBXTargetDependency */,
			);
			name = "Objccn DemoTests";
			productName = "Objccn DemoTests";
			productReference = 31E376111BAFA61C007079ED /* Objccn DemoTests.xctest */;
			productType = "com.apple.product-type.bundle.unit-test";
		};
		31E3761B1BAFA61C007079ED /* Objccn DemoUITests */ = {
			isa = PBXNativeTarget;
			buildConfigurationList = 31E3762B1BAFA61C007079ED /* Build configuration list for PBXNativeTarget "Objccn DemoUITests" */;
			buildPhases = (
				31E376181BAFA61C007079ED /* Sources */,
				31E376191BAFA61C007079ED /* Frameworks */,
				31E3761A1BAFA61C007079ED /* Resources */,
			);
			buildRules = (
			);
			dependencies = (
				31E3761E1BAFA61C007079ED /* PBXTargetDependency */,
			);
			name = "Objccn DemoUITests";
			productName = "Objccn DemoUITests";
			productReference = 31E3761C1BAFA61C007079ED /* Objccn DemoUITests.xctest */;
			productType = "com.apple.product-type.bundle.ui-testing";
		};
/* End PBXNativeTarget section */

/* Begin PBXProject section */
		31E375F01BAFA61C007079ED /* Project object */ = {
			isa = PBXProject;
			attributes = {
				LastUpgradeCheck = 0700;
				ORGANIZATIONNAME = yixiaoluo;
				TargetAttributes = {
					31E375F71BAFA61C007079ED = {
						CreatedOnToolsVersion = 7.0;
						DevelopmentTeam = 9CM6MTZ24G;
					};
					31E376101BAFA61C007079ED = {
						CreatedOnToolsVersion = 7.0;
						TestTargetID = 31E375F71BAFA61C007079ED;
					};
					31E3761B1BAFA61C007079ED = {
						CreatedOnToolsVersion = 7.0;
						TestTargetID = 31E375F71BAFA61C007079ED;
					};
				};
			};
			buildConfigurationList = 31E375F31BAFA61C007079ED /* Build configuration list for PBXProject "Objccn Demo" */;
			compatibilityVersion = "Xcode 3.2";
			developmentRegion = English;
			hasScannedForEncodings = 0;
			knownRegions = (
				en,
				Base,
			);
			mainGroup = 31E375EF1BAFA61C007079ED;
			productRefGroup = 31E375F91BAFA61C007079ED /* Products */;
			projectDirPath = "";
			projectRoot = "";
			targets = (
				31E375F71BAFA61C007079ED /* Objccn Demo */,
				31E376101BAFA61C007079ED /* Objccn DemoTests */,
				31E3761B1BAFA61C007079ED /* Objccn DemoUITests */,
			);
		};
/* End PBXProject section */

/* Begin PBXResourcesBuildPhase section */
		31E375F61BAFA61C007079ED /* Resources */ = {
			isa = PBXResourcesBuildPhase;
			buildActionMask = 2147483647;
			files = (
				31E3760B1BAFA61C007079ED /* LaunchScreen.storyboard in Resources */,
				31E376081BAFA61C007079ED /* Assets.xcassets in Resources */,
				31E376061BAFA61C007079ED /* Main.storyboard in Resources */,
			);
			runOnlyForDeploymentPostprocessing = 0;
		};
		31E3760F1BAFA61C007079ED /* Resources */ = {
			isa = PBXResourcesBuildPhase;
			buildActionMask = 2147483647;
			files = (
			);
			runOnlyForDeploymentPostprocessing = 0;
		};
		31E3761A1BAFA61C007079ED /* Resources */ = {
			isa = PBXResourcesBuildPhase;
			buildActionMask = 2147483647;
			files = (
			);
			runOnlyForDeploymentPostprocessing = 0;
		};
/* End PBXResourcesBuildPhase section */

/* Begin PBXSourcesBuildPhase section */
		31E375F41BAFA61C007079ED /* Sources */ = {
			isa = PBXSourcesBuildPhase;
			buildActionMask = 2147483647;
			files = (
				31E376031BAFA61C007079ED /* ViewController.m in Sources */,
				31E376001BAFA61C007079ED /* AppDelegate.m in Sources */,
				31E375FD1BAFA61C007079ED /* main.m in Sources */,
				31E376371BAFDEFB007079ED /* WeChatAvtivity.m in Sources */,
			);
			runOnlyForDeploymentPostprocessing = 0;
		};
		31E3760D1BAFA61C007079ED /* Sources */ = {
			isa = PBXSourcesBuildPhase;
			buildActionMask = 2147483647;
			files = (
				31E376161BAFA61C007079ED /* Objccn_DemoTests.m in Sources */,
				31E376381BAFDEFB007079ED /* WeChatAvtivity.m in Sources */,
			);
			runOnlyForDeploymentPostprocessing = 0;
		};
		31E376181BAFA61C007079ED /* Sources */ = {
			isa = PBXSourcesBuildPhase;
			buildActionMask = 2147483647;
			files = (
				31E376211BAFA61C007079ED /* Objccn_DemoUITests.m in Sources */,
				31E376391BAFDEFB007079ED /* WeChatAvtivity.m in Sources */,
			);
			runOnlyForDeploymentPostprocessing = 0;
		};
/* End PBXSourcesBuildPhase section */

/* Begin PBXTargetDependency section */
		31E376131BAFA61C007079ED /* PBXTargetDependency */ = {
			isa = PBXTargetDependency;
			target = 31E375F71BAFA61C007079ED /* Objccn Demo */;
			targetProxy = 31E376121BAFA61C007079ED /* PBXContainerItemProxy */;
		};
		31E3761E1BAFA61C007079ED /* PBXTargetDependency */ = {
			isa = PBXTargetDependency;
			target = 31E375F71BAFA61C007079ED /* Objccn Demo */;
			targetProxy = 31E3761D1BAFA61C007079ED /* PBXContainerItemProxy */;
		};
/* End PBXTargetDependency section */

/* Begin PBXVariantGroup section */
		31E376041BAFA61C007079ED /* Main.storyboard */ = {
			isa = PBXVariantGroup;
			children = (
				31E376051BAFA61C007079ED /* Base */,
			);
			name = Main.storyboard;
			sourceTree = "<group>";
		};
		31E376091BAFA61C007079ED /* LaunchScreen.storyboard */ = {
			isa = PBXVariantGroup;
			children = (
				31E3760A1BAFA61C007079ED /* Base */,
			);
			name = LaunchScreen.storyboard;
			sourceTree = "<group>";
		};
/* End PBXVariantGroup section */

/* Begin XCBuildConfiguration section */
		31E376231BAFA61C007079ED /* Debug */ = {
			isa = XCBuildConfiguration;
			buildSettings = {
				ALWAYS_SEARCH_USER_PATHS = NO;
				CLANG_CXX_LANGUAGE_STANDARD = "gnu++0x";
				CLANG_CXX_LIBRARY = "libc++";
				CLANG_ENABLE_MODULES = YES;
				CLANG_ENABLE_OBJC_ARC = YES;
				CLANG_WARN_BOOL_CONVERSION = YES;
				CLANG_WARN_CONSTANT_CONVERSION = YES;
				CLANG_WARN_DIRECT_OBJC_ISA_USAGE = YES_ERROR;
				CLANG_WARN_EMPTY_BODY = YES;
				CLANG_WARN_ENUM_CONVERSION = YES;
				CLANG_WARN_INT_CONVERSION = YES;
				CLANG_WARN_OBJC_ROOT_CLASS = YES_ERROR;
				CLANG_WARN_UNREACHABLE_CODE = YES;
				CLANG_WARN__DUPLICATE_METHOD_MATCH = YES;
				"CODE_SIGN_IDENTITY[sdk=iphoneos*]" = "iPhone Developer";
				COPY_PHASE_STRIP = NO;
				DEBUG_INFORMATION_FORMAT = dwarf;
				ENABLE_STRICT_OBJC_MSGSEND = YES;
				ENABLE_TESTABILITY = YES;
				GCC_C_LANGUAGE_STANDARD = gnu99;
				GCC_DYNAMIC_NO_PIC = NO;
				GCC_NO_COMMON_BLOCKS = YES;
				GCC_OPTIMIZATION_LEVEL = 0;
				GCC_PREPROCESSOR_DEFINITIONS = (
					"DEBUG=1",
					"$(inherited)",
				);
				GCC_WARN_64_TO_32_BIT_CONVERSION = YES;
				GCC_WARN_ABOUT_RETURN_TYPE = YES_ERROR;
				GCC_WARN_UNDECLARED_SELECTOR = YES;
				GCC_WARN_UNINITIALIZED_AUTOS = YES_AGGRESSIVE;
				GCC_WARN_UNUSED_FUNCTION = YES;
				GCC_WARN_UNUSED_VARIABLE = YES;
				IPHONEOS_DEPLOYMENT_TARGET = 9.0;
				MTL_ENABLE_DEBUG_INFO = YES;
				ONLY_ACTIVE_ARCH = YES;
				SDKROOT = iphoneos;
				TARGETED_DEVICE_FAMILY = "1,2";
			};
			name = Debug;
		};
		31E376241BAFA61C007079ED /* Release */ = {
			isa = XCBuildConfiguration;
			buildSettings = {
				ALWAYS_SEARCH_USER_PATHS = NO;
				CLANG_CXX_LANGUAGE_STANDARD = "gnu++0x";
				CLANG_CXX_LIBRARY = "libc++";
				CLANG_ENABLE_MODULES = YES;
				CLANG_ENABLE_OBJC_ARC = YES;
				CLANG_WARN_BOOL_CONVERSION = YES;
				CLANG_WARN_CONSTANT_CONVERSION = YES;
				CLANG_WARN_DIRECT_OBJC_ISA_USAGE = YES_ERROR;
				CLANG_WARN_EMPTY_BODY = YES;
				CLANG_WARN_ENUM_CONVERSION = YES;
				CLANG_WARN_INT_CONVERSION = YES;
				CLANG_WARN_OBJC_ROOT_CLASS = YES_ERROR;
				CLANG_WARN_UNREACHABLE_CODE = YES;
				CLANG_WARN__DUPLICATE_METHOD_MATCH = YES;
				"CODE_SIGN_IDENTITY[sdk=iphoneos*]" = "iPhone Developer";
				COPY_PHASE_STRIP = NO;
				DEBUG_INFORMATION_FORMAT = "dwarf-with-dsym";
				ENABLE_NS_ASSERTIONS = NO;
				ENABLE_STRICT_OBJC_MSGSEND = YES;
				GCC_C_LANGUAGE_STANDARD = gnu99;
				GCC_NO_COMMON_BLOCKS = YES;
				GCC_WARN_64_TO_32_BIT_CONVERSION = YES;
				GCC_WARN_ABOUT_RETURN_TYPE = YES_ERROR;
				GCC_WARN_UNDECLARED_SELECTOR = YES;
				GCC_WARN_UNINITIALIZED_AUTOS = YES_AGGRESSIVE;
				GCC_WARN_UNUSED_FUNCTION = YES;
				GCC_WARN_UNUSED_VARIABLE = YES;
				IPHONEOS_DEPLOYMENT_TARGET = 9.0;
				MTL_ENABLE_DEBUG_INFO = NO;
				SDKROOT = iphoneos;
				TARGETED_DEVICE_FAMILY = "1,2";
				VALIDATE_PRODUCT = YES;
			};
			name = Release;
		};
		31E376261BAFA61C007079ED /* Debug */ = {
			isa = XCBuildConfiguration;
			buildSettings = {
				ASSETCATALOG_COMPILER_APPICON_NAME = AppIcon;
				CODE_SIGN_IDENTITY = "iPhone Developer";
				INFOPLIST_FILE = "Objccn Demo/Info.plist";
				LD_RUNPATH_SEARCH_PATHS = "$(inherited) @executable_path/Frameworks";
				PRODUCT_BUNDLE_IDENTIFIER = com.gikoo.mps.base;
				PRODUCT_NAME = "$(TARGET_NAME)";
			};
			name = Debug;
		};
		31E376271BAFA61C007079ED /* Release */ = {
			isa = XCBuildConfiguration;
			buildSettings = {
				ASSETCATALOG_COMPILER_APPICON_NAME = AppIcon;
				CODE_SIGN_IDENTITY = "iPhone Developer";
				INFOPLIST_FILE = "Objccn Demo/Info.plist";
				LD_RUNPATH_SEARCH_PATHS = "$(inherited) @executable_path/Frameworks";
				PRODUCT_BUNDLE_IDENTIFIER = com.gikoo.mps.base;
				PRODUCT_NAME = "$(TARGET_NAME)";
			};
			name = Release;
		};
		31E376291BAFA61C007079ED /* Debug */ = {
			isa = XCBuildConfiguration;
			buildSettings = {
				BUNDLE_LOADER = "$(TEST_HOST)";
				INFOPLIST_FILE = "Objccn DemoTests/Info.plist";
				LD_RUNPATH_SEARCH_PATHS = "$(inherited) @executable_path/Frameworks @loader_path/Frameworks";
				PRODUCT_BUNDLE_IDENTIFIER = "OC.Objccn-DemoTests";
				PRODUCT_NAME = "$(TARGET_NAME)";
				TEST_HOST = "$(BUILT_PRODUCTS_DIR)/Objccn Demo.app/Objccn Demo";
			};
			name = Debug;
		};
		31E3762A1BAFA61C007079ED /* Release */ = {
			isa = XCBuildConfiguration;
			buildSettings = {
				BUNDLE_LOADER = "$(TEST_HOST)";
				INFOPLIST_FILE = "Objccn DemoTests/Info.plist";
				LD_RUNPATH_SEARCH_PATHS = "$(inherited) @executable_path/Frameworks @loader_path/Frameworks";
				PRODUCT_BUNDLE_IDENTIFIER = "OC.Objccn-DemoTests";
				PRODUCT_NAME = "$(TARGET_NAME)";
				TEST_HOST = "$(BUILT_PRODUCTS_DIR)/Objccn Demo.app/Objccn Demo";
			};
			name = Release;
		};
		31E3762C1BAFA61C007079ED /* Debug */ = {
			isa = XCBuildConfiguration;
			buildSettings = {
				INFOPLIST_FILE = "Objccn DemoUITests/Info.plist";
				LD_RUNPATH_SEARCH_PATHS = "$(inherited) @executable_path/Frameworks @loader_path/Frameworks";
				PRODUCT_BUNDLE_IDENTIFIER = "OC.Objccn-DemoUITests";
				PRODUCT_NAME = "$(TARGET_NAME)";
				TEST_TARGET_NAME = "Objccn Demo";
				USES_XCTRUNNER = YES;
			};
			name = Debug;
		};
		31E3762D1BAFA61C007079ED /* Release */ = {
			isa = XCBuildConfiguration;
			buildSettings = {
				INFOPLIST_FILE = "Objccn DemoUITests/Info.plist";
				LD_RUNPATH_SEARCH_PATHS = "$(inherited) @executable_path/Frameworks @loader_path/Frameworks";
				PRODUCT_BUNDLE_IDENTIFIER = "OC.Objccn-DemoUITests";
				PRODUCT_NAME = "$(TARGET_NAME)";
				TEST_TARGET_NAME = "Objccn Demo";
				USES_XCTRUNNER = YES;
			};
			name = Release;
		};
/* End XCBuildConfiguration section */

/* Begin XCConfigurationList section */
		31E375F31BAFA61C007079ED /* Build configuration list for PBXProject "Objccn Demo" */ = {
			isa = XCConfigurationList;
			buildConfigurations = (
				31E376231BAFA61C007079ED /* Debug */,
				31E376241BAFA61C007079ED /* Release */,
			);
			defaultConfigurationIsVisible = 0;
			defaultConfigurationName = Release;
		};
		31E376251BAFA61C007079ED /* Build configuration list for PBXNativeTarget "Objccn Demo" */ = {
			isa = XCConfigurationList;
			buildConfigurations = (
				31E376261BAFA61C007079ED /* Debug */,
				31E376271BAFA61C007079ED /* Release */,
			);
			defaultConfigurationIsVisible = 0;
			defaultConfigurationName = Release;
		};
		31E376281BAFA61C007079ED /* Build configuration list for PBXNativeTarget "Objccn DemoTests" */ = {
			isa = XCConfigurationList;
			buildConfigurations = (
				31E376291BAFA61C007079ED /* Debug */,
				31E3762A1BAFA61C007079ED /* Release */,
			);
			defaultConfigurationIsVisible = 0;
			defaultConfigurationName = Release;
		};
		31E3762B1BAFA61C007079ED /* Build configuration list for PBXNativeTarget "Objccn DemoUITests" */ = {
			isa = XCConfigurationList;
			buildConfigurations = (
				31E3762C1BAFA61C007079ED /* Debug */,
				31E3762D1BAFA61C007079ED /* Release */,
			);
			defaultConfigurationIsVisible = 0;
			defaultConfigurationName = Release;
		};
/* End XCConfigurationList section */
	};
	rootObject = 31E375F01BAFA61C007079ED /* Project object */;
}
